{
  "requires": true,
  "lockfileVersion": 1,
  "dependencies": {
    "angular-cookies": {
      "version": "1.6.10",
      "resolved": "https://registry.npmjs.org/angular-cookies/-/angular-cookies-1.6.10.tgz",
      "integrity": "sha512-ADfbqXLhwcaecAiWIaxpl8XWFJgWsrDl/ksSEkYm5dSoXHYlj3HKlAhPbjBv/foYS7pdI0apmSGHWrBPqdjF/g=="
    },
    "angular-route": {
      "version": "1.6.10",
      "resolved": "https://registry.npmjs.org/angular-route/-/angular-route-1.6.10.tgz",
      "integrity": "sha512-BxjrjQNCbVqQKyB3nHjNI8zSUwhnQWFZnSBv5BZ336VbMKhWu74ad5xpFx5VMk6WyHlmMGDoRagzB6AKkRcvKA=="
    }
  }
}
